
Microsoft Visual Studio Solution File, Format Version 12.00
# Visual Studio Version 16
VisualStudioVersion = 16.0.33529.622
MinimumVisualStudioVersion = 10.0.40219.1
Project("{FAE04EC0-301F-11D3-BF4B-00C04F79EFBC}") = "Daft.Feature.Test", "Daft.Feature.Test\Daft.Feature.Test.csproj", "{CBD9FA46-BA8B-47BB-8076-DFFEDE205A10}"
EndProject
Global
	GlobalSection(SolutionConfigurationPlatforms) = preSolution
		Debug|Any CPU = Debug|Any CPU
		Release|Any CPU = Release|Any CPU
	EndGlobalSection
	GlobalSection(ProjectConfigurationPlatforms) = postSolution
		{CBD9FA46-BA8B-47BB-8076-DFFEDE205A10}.Debug|Any CPU.ActiveCfg = Debug|Any CPU
		{CBD9FA46-BA8B-47BB-8076-DFFEDE205A10}.Debug|Any CPU.Build.0 = Debug|Any CPU
		{CBD9FA46-BA8B-47BB-8076-DFFEDE205A10}.Release|Any CPU.ActiveCfg = Release|Any CPU
		{CBD9FA46-BA8B-47BB-8076-DFFEDE205A10}.Release|Any CPU.Build.0 = Release|Any CPU
	EndGlobalSection
	GlobalSection(SolutionProperties) = preSolution
		HideSolutionNode = FALSE
	EndGlobalSection
	GlobalSection(ExtensibilityGlobals) = postSolution
		SolutionGuid = {446C6BC0-A50B-4B1D-80F8-56C6C5E5F460}
	EndGlobalSection
EndGlobal
